{
  "name": "polydemo",
  "version": "0.1.0",
  "lockfileVersion": 1,
  "requires": true,
  "dependencies": {
    "@polymer/font-roboto": {
      "version": "0.0.3",
      "resolved": "https://registry.npmjs.org/@polymer/font-roboto/-/font-roboto-0.0.3.tgz",
      "integrity": "sha1-nVjttmC77S1L0p07+bIcIL3dYYc="
    },
    "@polymer/iron-a11y-announcer": {
      "version": "0.0.3",
      "resolved": "https://registry.npmjs.org/@polymer/iron-a11y-announcer/-/iron-a11y-announcer-0.0.3.tgz",
      "integrity": "sha1-EmI9tMgJ630ATu5kWO8H57VQDnE=",
      "requires": {
        "@polymer/polymer": "^1.2.5-npm-test.2"
      }
    },
    "@polymer/iron-a11y-keys-behavior": {
      "version": "0.0.3",
      "resolved": "https://registry.npmjs.org/@polymer/iron-a11y-keys-behavior/-/iron-a11y-keys-behavior-0.0.3.tgz",
      "integrity": "sha1-gqnFNdAa6UyzPZwHGppUPrwgRMA=",
      "requires": {
        "@polymer/polymer": "^1.2.5-npm-test.2"
      }
    },
    "@polymer/iron-autogrow-textarea": {
      "version": "0.0.3",
      "resolved": "https://registry.npmjs.org/@polymer/iron-autogrow-textarea/-/iron-autogrow-textarea-0.0.3.tgz",
      "integrity": "sha1-8eoURDCfMWNP5FzPz+N2uD7P0oo=",
      "requires": {
        "@polymer/iron-behaviors": "^0.0.3",
        "@polymer/iron-flex-layout": "^0.0.3",
        "@polymer/iron-form-element-behavior": "^0.0.3",
        "@polymer/iron-validatable-behavior": "^0.0.3",
        "@polymer/polymer": "^1.2.5-npm-test.2"
      }
    },
    "@polymer/iron-behaviors": {
      "version": "0.0.3",
      "resolved": "https://registry.npmjs.org/@polymer/iron-behaviors/-/iron-behaviors-0.0.3.tgz",
      "integrity": "sha1-AnSEiF3bkk+Z+oCD37qBDjnSZxs=",
      "requires": {
        "@polymer/iron-a11y-keys-behavior": "^0.0.3",
        "@polymer/polymer": "^1.2.5-npm-test.2"
      }
    },
    "@polymer/iron-checked-element-behavior": {
      "version": "0.0.3",
      "resolved": "https://registry.npmjs.org/@polymer/iron-checked-element-behavior/-/iron-checked-element-behavior-0.0.3.tgz",
      "integrity": "sha1-Hni2p2dRSVNQ1R2cqq9sD390vXo=",
      "requires": {
        "@polymer/iron-form-element-behavior": "^0.0.3",
        "@polymer/iron-validatable-behavior": "^0.0.3",
        "@polymer/polymer": "^1.2.5-npm-test.2"
      }
    },
    "@polymer/iron-collapse": {
      "version": "0.0.3",
      "resolved": "https://registry.npmjs.org/@polymer/iron-collapse/-/iron-collapse-0.0.3.tgz",
      "integrity": "sha1-fgGkrHnOIB59YrwuNNTDbwiBL8I=",
      "requires": {
        "@polymer/iron-resizable-behavior": "^0.0.3",
        "@polymer/polymer": "^1.2.5-npm-test.2"
      }
    },
    "@polymer/iron-dropdown": {
      "version": "0.0.3",
      "resolved": "https://registry.npmjs.org/@polymer/iron-dropdown/-/iron-dropdown-0.0.3.tgz",
      "integrity": "sha1-reHGe4y5NGW2I18ysXVf7BuBR7I=",
      "requires": {
        "@polymer/iron-a11y-keys-behavior": "^0.0.3",
        "@polymer/iron-behaviors": "^0.0.3",
        "@polymer/iron-overlay-behavior": "^0.0.3",
        "@polymer/iron-resizable-behavior": "^0.0.3",
        "@polymer/neon-animation": "^0.0.3",
        "@polymer/polymer": "^1.2.5-npm-test.2"
      }
    },
    "@polymer/iron-fit-behavior": {
      "version": "0.0.3",
      "resolved": "https://registry.npmjs.org/@polymer/iron-fit-behavior/-/iron-fit-behavior-0.0.3.tgz",
      "integrity": "sha1-LYA5nk+r9LdeCBxfgSJO+b+pjUw=",
      "requires": {
        "@polymer/polymer": "^1.2.5-npm-test.2"
      }
    },
    "@polymer/iron-flex-layout": {
      "version": "0.0.3",
      "resolved": "https://registry.npmjs.org/@polymer/iron-flex-layout/-/iron-flex-layout-0.0.3.tgz",
      "integrity": "sha1-t9enMrHLrf5qqVAMoG9A0CV4uvc=",
      "requires": {
        "@polymer/polymer": "^1.2.5-npm-test.2"
      }
    },
    "@polymer/iron-form-element-behavior": {
      "version": "0.0.3",
      "resolved": "https://registry.npmjs.org/@polymer/iron-form-element-behavior/-/iron-form-element-behavior-0.0.3.tgz",
      "integrity": "sha1-NWSipR2Mz92kGT2UPV/QwSxGN1k=",
      "requires": {
        "@polymer/polymer": "^1.2.5-npm-test.2"
      }
    },
    "@polymer/iron-icon": {
      "version": "0.0.3",
      "resolved": "https://registry.npmjs.org/@polymer/iron-icon/-/iron-icon-0.0.3.tgz",
      "integrity": "sha1-4bFK/tStEQbthn1k7wH+Q/m05ec=",
      "requires": {
        "@polymer/iron-flex-layout": "^0.0.3",
        "@polymer/iron-meta": "^0.0.3",
        "@polymer/polymer": "^1.2.5-npm-test.2"
      }
    },
    "@polymer/iron-icons": {
      "version": "0.0.3",
      "resolved": "https://registry.npmjs.org/@polymer/iron-icons/-/iron-icons-0.0.3.tgz",
      "integrity": "sha1-1nKrl5vc1N7YAn6N4j6MUdDH9MY=",
      "requires": {
        "@polymer/iron-icon": "^0.0.3",
        "@polymer/iron-iconset-svg": "^0.0.3",
        "@polymer/polymer": "^1.2.5-npm-test.2"
      }
    },
    "@polymer/iron-iconset-svg": {
      "version": "0.0.3",
      "resolved": "https://registry.npmjs.org/@polymer/iron-iconset-svg/-/iron-iconset-svg-0.0.3.tgz",
      "integrity": "sha1-zUz/UjP4Bh4+DTSmUYC5qSCFhgo=",
      "requires": {
        "@polymer/iron-meta": "^0.0.3",
        "@polymer/polymer": "^1.2.5-npm-test.2"
      }
    },
    "@polymer/iron-image": {
      "version": "0.0.3",
      "resolved": "https://registry.npmjs.org/@polymer/iron-image/-/iron-image-0.0.3.tgz",
      "integrity": "sha1-Q9l8y819EEJMexitCZHID4ZQdgg=",
      "requires": {
        "@polymer/iron-flex-layout": "^0.0.3",
        "@polymer/polymer": "^1.2.5-npm-test.2"
      }
    },
    "@polymer/iron-input": {
      "version": "0.0.3",
      "resolved": "https://registry.npmjs.org/@polymer/iron-input/-/iron-input-0.0.3.tgz",
      "integrity": "sha1-5ByFh7JRqlEKJvKMqSOBqxRX33k=",
      "requires": {
        "@polymer/iron-validatable-behavior": "^0.0.3",
        "@polymer/polymer": "^1.2.5-npm-test.2"
      }
    },
    "@polymer/iron-media-query": {
      "version": "0.0.3",
      "resolved": "https://registry.npmjs.org/@polymer/iron-media-query/-/iron-media-query-0.0.3.tgz",
      "integrity": "sha1-7LytYk31hAcoVVUGI57WODBCDQc=",
      "requires": {
        "@polymer/polymer": "^1.2.5-npm-test.2"
      }
    },
    "@polymer/iron-menu-behavior": {
      "version": "0.0.3",
      "resolved": "https://registry.npmjs.org/@polymer/iron-menu-behavior/-/iron-menu-behavior-0.0.3.tgz",
      "integrity": "sha1-1kkaO00clzz/2AmXSdrRcfTXNpA=",
      "requires": {
        "@polymer/iron-a11y-keys-behavior": "^0.0.3",
        "@polymer/iron-selector": "^0.0.3",
        "@polymer/polymer": "^1.2.5-npm-test.2"
      }
    },
    "@polymer/iron-meta": {
      "version": "0.0.3",
      "resolved": "https://registry.npmjs.org/@polymer/iron-meta/-/iron-meta-0.0.3.tgz",
      "integrity": "sha1-pM7IR5va7Gb/A3SaWRNvIf3gHXA=",
      "requires": {
        "@polymer/polymer": "^1.2.5-npm-test.2"
      }
    },
    "@polymer/iron-overlay-behavior": {
      "version": "0.0.3",
      "resolved": "https://registry.npmjs.org/@polymer/iron-overlay-behavior/-/iron-overlay-behavior-0.0.3.tgz",
      "integrity": "sha1-TFy7uRuSQLtvgkBAzpf2F/Xud1Y=",
      "requires": {
        "@polymer/iron-fit-behavior": "^0.0.3",
        "@polymer/iron-resizable-behavior": "^0.0.3",
        "@polymer/polymer": "^1.2.5-npm-test.2"
      }
    },
    "@polymer/iron-range-behavior": {
      "version": "0.0.3",
      "resolved": "https://registry.npmjs.org/@polymer/iron-range-behavior/-/iron-range-behavior-0.0.3.tgz",
      "integrity": "sha1-R09KtJrGGQljxY/l26Hk0WTwi70=",
      "requires": {
        "@polymer/polymer": "^1.2.5-npm-test.2"
      }
    },
    "@polymer/iron-resizable-behavior": {
      "version": "0.0.3",
      "resolved": "https://registry.npmjs.org/@polymer/iron-resizable-behavior/-/iron-resizable-behavior-0.0.3.tgz",
      "integrity": "sha1-IFRw+EBwZUkJo2C1M7ZZmy2AY1Q=",
      "requires": {
        "@polymer/polymer": "^1.2.5-npm-test.2"
      }
    },
    "@polymer/iron-selector": {
      "version": "0.0.3",
      "resolved": "https://registry.npmjs.org/@polymer/iron-selector/-/iron-selector-0.0.3.tgz",
      "integrity": "sha1-zeC7e5hF3bP238k62hR0Jszr37k=",
      "requires": {
        "@polymer/polymer": "^1.2.5-npm-test.2"
      }
    },
    "@polymer/iron-validatable-behavior": {
      "version": "0.0.3",
      "resolved": "https://registry.npmjs.org/@polymer/iron-validatable-behavior/-/iron-validatable-behavior-0.0.3.tgz",
      "integrity": "sha1-Q4dHFz0rHTvBoIRYpV7THJtPGS8=",
      "requires": {
        "@polymer/iron-meta": "^0.0.3",
        "@polymer/polymer": "^1.2.5-npm-test.2"
      }
    },
    "@polymer/neon-animation": {
      "version": "0.0.3",
      "resolved": "https://registry.npmjs.org/@polymer/neon-animation/-/neon-animation-0.0.3.tgz",
      "integrity": "sha1-k+nuvN8CPHtC2afX9B+xk0tQCyI=",
      "requires": {
        "@polymer/iron-meta": "^0.0.3",
        "@polymer/iron-resizable-behavior": "^0.0.3",
        "@polymer/iron-selector": "^0.0.3",
        "@polymer/polymer": "^1.2.5-npm-test.2",
        "web-animations-js": "2.1.3"
      }
    },
    "@polymer/paper-badge": {
      "version": "0.0.3",
      "resolved": "https://registry.npmjs.org/@polymer/paper-badge/-/paper-badge-0.0.3.tgz",
      "integrity": "sha1-hf2QPMIPa3TJqn2XxM3KU7GfmdU=",
      "requires": {
        "@polymer/iron-resizable-behavior": "^0.0.3",
        "@polymer/paper-styles": "^0.0.3",
        "@polymer/polymer": "^1.2.5-npm-test.2"
      }
    },
    "@polymer/paper-behaviors": {
      "version": "0.0.3",
      "resolved": "https://registry.npmjs.org/@polymer/paper-behaviors/-/paper-behaviors-0.0.3.tgz",
      "integrity": "sha1-eaObHcYsBnoXnvpwxPNOH7jemm8=",
      "requires": {
        "@polymer/iron-behaviors": "^0.0.3",
        "@polymer/iron-checked-element-behavior": "^0.0.3",
        "@polymer/paper-ripple": "^0.0.3",
        "@polymer/polymer": "^1.2.5-npm-test.2"
      }
    },
    "@polymer/paper-button": {
      "version": "0.0.3",
      "resolved": "https://registry.npmjs.org/@polymer/paper-button/-/paper-button-0.0.3.tgz",
      "integrity": "sha1-X/aIMLhnMqgQi+Alm0tnPwqMwVY=",
      "requires": {
        "@polymer/iron-flex-layout": "^0.0.3",
        "@polymer/paper-behaviors": "^0.0.3",
        "@polymer/paper-material": "^0.0.3",
        "@polymer/polymer": "^1.2.5-npm-test.2"
      }
    },
    "@polymer/paper-card": {
      "version": "0.0.3",
      "resolved": "https://registry.npmjs.org/@polymer/paper-card/-/paper-card-0.0.3.tgz",
      "integrity": "sha1-7WctvNldt+IrpSVeAQse1e5xEfo=",
      "requires": {
        "@polymer/iron-flex-layout": "^0.0.3",
        "@polymer/iron-image": "^0.0.3",
        "@polymer/paper-material": "^0.0.3",
        "@polymer/paper-styles": "^0.0.3",
        "@polymer/polymer": "^1.2.5-npm-test.2"
      }
    },
    "@polymer/paper-checkbox": {
      "version": "0.0.3",
      "resolved": "https://registry.npmjs.org/@polymer/paper-checkbox/-/paper-checkbox-0.0.3.tgz",
      "integrity": "sha1-yAetkltn3RXNdWG3wQvxIjmvyZA=",
      "requires": {
        "@polymer/iron-checked-element-behavior": "^0.0.3",
        "@polymer/paper-behaviors": "^0.0.3",
        "@polymer/paper-ripple": "^0.0.3",
        "@polymer/paper-styles": "^0.0.3",
        "@polymer/polymer": "^1.2.5-npm-test.2"
      }
    },
    "@polymer/paper-dialog": {
      "version": "0.0.3",
      "resolved": "https://registry.npmjs.org/@polymer/paper-dialog/-/paper-dialog-0.0.3.tgz",
      "integrity": "sha1-3MTI1KZewWzGoD10+DcjNvVTCZM=",
      "requires": {
        "@polymer/neon-animation": "^0.0.3",
        "@polymer/paper-dialog-behavior": "^0.0.3",
        "@polymer/paper-styles": "^0.0.3",
        "@polymer/polymer": "^1.2.5-npm-test.2"
      }
    },
    "@polymer/paper-dialog-behavior": {
      "version": "0.0.3",
      "resolved": "https://registry.npmjs.org/@polymer/paper-dialog-behavior/-/paper-dialog-behavior-0.0.3.tgz",
      "integrity": "sha1-zxnttFGVN34CJ3OdZXfaf/jYROo=",
      "requires": {
        "@polymer/iron-overlay-behavior": "^0.0.3",
        "@polymer/paper-styles": "^0.0.3",
        "@polymer/polymer": "^1.2.5-npm-test.2"
      }
    },
    "@polymer/paper-dialog-scrollable": {
      "version": "0.0.3",
      "resolved": "https://registry.npmjs.org/@polymer/paper-dialog-scrollable/-/paper-dialog-scrollable-0.0.3.tgz",
      "integrity": "sha1-eAXgIekd1NIlHthW/WZmNPQqOqE=",
      "requires": {
        "@polymer/polymer": "^1.2.5-npm-test.2"
      }
    },
    "@polymer/paper-drawer-panel": {
      "version": "0.0.3",
      "resolved": "https://registry.npmjs.org/@polymer/paper-drawer-panel/-/paper-drawer-panel-0.0.3.tgz",
      "integrity": "sha1-X4TSTEEz6CdP1rsXD3q2my5u4pc=",
      "requires": {
        "@polymer/iron-media-query": "^0.0.3",
        "@polymer/iron-resizable-behavior": "^0.0.3",
        "@polymer/iron-selector": "^0.0.3",
        "@polymer/polymer": "^1.2.5-npm-test.2"
      }
    },
    "@polymer/paper-dropdown-menu": {
      "version": "0.0.3",
      "resolved": "https://registry.npmjs.org/@polymer/paper-dropdown-menu/-/paper-dropdown-menu-0.0.3.tgz",
      "integrity": "sha1-UfOgxTgvnujUWRBNvSHqwxaBJEw=",
      "requires": {
        "@polymer/iron-a11y-keys-behavior": "^0.0.3",
        "@polymer/iron-form-element-behavior": "^0.0.3",
        "@polymer/iron-icon": "^0.0.3",
        "@polymer/iron-icons": "^0.0.3",
        "@polymer/iron-validatable-behavior": "^0.0.3",
        "@polymer/paper-input": "^0.0.3",
        "@polymer/paper-menu-button": "^0.0.3",
        "@polymer/paper-ripple": "^0.0.3",
        "@polymer/paper-styles": "^0.0.3",
        "@polymer/polymer": "^1.2.5-npm-test.2"
      }
    },
    "@polymer/paper-elements": {
      "version": "0.0.3",
      "resolved": "https://registry.npmjs.org/@polymer/paper-elements/-/paper-elements-0.0.3.tgz",
      "integrity": "sha1-JbXmd9OjFb93mt1i+jn+/3uMaBE=",
      "requires": {
        "@polymer/paper-badge": "^0.0.3",
        "@polymer/paper-behaviors": "^0.0.3",
        "@polymer/paper-button": "^0.0.3",
        "@polymer/paper-card": "^0.0.3",
        "@polymer/paper-checkbox": "^0.0.3",
        "@polymer/paper-dialog": "^0.0.3",
        "@polymer/paper-dialog-behavior": "^0.0.3",
        "@polymer/paper-dialog-scrollable": "^0.0.3",
        "@polymer/paper-drawer-panel": "^0.0.3",
        "@polymer/paper-dropdown-menu": "^0.0.3",
        "@polymer/paper-fab": "^0.0.3",
        "@polymer/paper-header-panel": "^0.0.3",
        "@polymer/paper-icon-button": "^0.0.3",
        "@polymer/paper-input": "^0.0.3",
        "@polymer/paper-item": "^0.0.3",
        "@polymer/paper-listbox": "^0.0.3",
        "@polymer/paper-material": "^0.0.3",
        "@polymer/paper-menu": "^0.0.3",
        "@polymer/paper-menu-button": "^0.0.3",
        "@polymer/paper-progress": "^0.0.3",
        "@polymer/paper-radio-button": "^0.0.3",
        "@polymer/paper-radio-group": "^0.0.3",
        "@polymer/paper-ripple": "^0.0.3",
        "@polymer/paper-scroll-header-panel": "^0.0.3",
        "@polymer/paper-slider": "^0.0.3",
        "@polymer/paper-spinner": "^0.0.3",
        "@polymer/paper-styles": "^0.0.3",
        "@polymer/paper-tabs": "^0.0.3",
        "@polymer/paper-toast": "^0.0.3",
        "@polymer/paper-toggle-button": "^0.0.3",
        "@polymer/paper-toolbar": "^0.0.3",
        "@polymer/paper-tooltip": "^0.0.3"
      }
    },
    "@polymer/paper-fab": {
      "version": "0.0.3",
      "resolved": "https://registry.npmjs.org/@polymer/paper-fab/-/paper-fab-0.0.3.tgz",
      "integrity": "sha1-/1xyDytKJkNIB5iAVf+pfi6BK7E=",
      "requires": {
        "@polymer/iron-flex-layout": "^0.0.3",
        "@polymer/iron-icon": "^0.0.3",
        "@polymer/iron-icons": "^0.0.3",
        "@polymer/paper-behaviors": "^0.0.3",
        "@polymer/paper-material": "^0.0.3",
        "@polymer/paper-styles": "^0.0.3",
        "@polymer/polymer": "^1.2.5-npm-test.2"
      }
    },
    "@polymer/paper-header-panel": {
      "version": "0.0.3",
      "resolved": "https://registry.npmjs.org/@polymer/paper-header-panel/-/paper-header-panel-0.0.3.tgz",
      "integrity": "sha1-3gEEi4pjkM1n6OeY6EhuBZeRHJc=",
      "requires": {
        "@polymer/iron-flex-layout": "^0.0.3",
        "@polymer/polymer": "^1.2.5-npm-test.2"
      }
    },
    "@polymer/paper-icon-button": {
      "version": "0.0.3",
      "resolved": "https://registry.npmjs.org/@polymer/paper-icon-button/-/paper-icon-button-0.0.3.tgz",
      "integrity": "sha1-RGkJpnM0w+jG2fD0cRrYK0+jL7Q=",
      "requires": {
        "@polymer/iron-flex-layout": "^0.0.3",
        "@polymer/iron-icon": "^0.0.3",
        "@polymer/iron-icons": "^0.0.3",
        "@polymer/paper-behaviors": "^0.0.3",
        "@polymer/paper-ripple": "^0.0.3",
        "@polymer/paper-styles": "^0.0.3",
        "@polymer/polymer": "^1.2.5-npm-test.2"
      }
    },
    "@polymer/paper-input": {
      "version": "0.0.3",
      "resolved": "https://registry.npmjs.org/@polymer/paper-input/-/paper-input-0.0.3.tgz",
      "integrity": "sha1-W7PvqQY9znhYaDnErrLrbPLGGKI=",
      "requires": {
        "@polymer/iron-a11y-keys-behavior": "^0.0.3",
        "@polymer/iron-autogrow-textarea": "^0.0.3",
        "@polymer/iron-behaviors": "^0.0.3",
        "@polymer/iron-form-element-behavior": "^0.0.3",
        "@polymer/iron-input": "^0.0.3",
        "@polymer/paper-styles": "^0.0.3",
        "@polymer/polymer": "^1.2.5-npm-test.2"
      }
    },
    "@polymer/paper-item": {
      "version": "0.0.3",
      "resolved": "https://registry.npmjs.org/@polymer/paper-item/-/paper-item-0.0.3.tgz",
      "integrity": "sha1-2yDR+Qrh9qOi9TRcHaQ0V/lqgA0=",
      "requires": {
        "@polymer/iron-behaviors": "^0.0.3",
        "@polymer/iron-flex-layout": "^0.0.3",
        "@polymer/paper-styles": "^0.0.3",
        "@polymer/polymer": "^1.2.5-npm-test.2"
      }
    },
    "@polymer/paper-listbox": {
      "version": "0.0.3",
      "resolved": "https://registry.npmjs.org/@polymer/paper-listbox/-/paper-listbox-0.0.3.tgz",
      "integrity": "sha1-FFpo9BqP/rylpqjUdkDhE+D/pZE=",
      "requires": {
        "@polymer/iron-behaviors": "^0.0.3",
        "@polymer/iron-collapse": "^0.0.3",
        "@polymer/iron-menu-behavior": "^0.0.3",
        "@polymer/paper-styles": "^0.0.3",
        "@polymer/polymer": "^1.2.5-npm-test.2"
      }
    },
    "@polymer/paper-material": {
      "version": "0.0.3",
      "resolved": "https://registry.npmjs.org/@polymer/paper-material/-/paper-material-0.0.3.tgz",
      "integrity": "sha1-8V026b2nBcKWnHBWRzCmRsAsJsI=",
      "requires": {
        "@polymer/paper-styles": "^0.0.3",
        "@polymer/polymer": "^1.2.5-npm-test.2"
      }
    },
    "@polymer/paper-menu": {
      "version": "0.0.3",
      "resolved": "https://registry.npmjs.org/@polymer/paper-menu/-/paper-menu-0.0.3.tgz",
      "integrity": "sha1-XOizsYuNn+qB9r4QslCPeyH88zo=",
      "requires": {
        "@polymer/iron-behaviors": "^0.0.3",
        "@polymer/iron-collapse": "^0.0.3",
        "@polymer/iron-flex-layout": "^0.0.3",
        "@polymer/iron-menu-behavior": "^0.0.3",
        "@polymer/paper-styles": "^0.0.3",
        "@polymer/polymer": "^1.2.5-npm-test.2"
      }
    },
    "@polymer/paper-menu-button": {
      "version": "0.0.3",
      "resolved": "https://registry.npmjs.org/@polymer/paper-menu-button/-/paper-menu-button-0.0.3.tgz",
      "integrity": "sha1-9B1sh7ermD0YX0TEyXM+RCJi+80=",
      "requires": {
        "@polymer/iron-a11y-keys-behavior": "^0.0.3",
        "@polymer/iron-behaviors": "^0.0.3",
        "@polymer/iron-dropdown": "^0.0.3",
        "@polymer/neon-animation": "^0.0.3",
        "@polymer/paper-material": "^0.0.3",
        "@polymer/paper-styles": "^0.0.3",
        "@polymer/polymer": "^1.2.5-npm-test.2"
      }
    },
    "@polymer/paper-progress": {
      "version": "0.0.3",
      "resolved": "https://registry.npmjs.org/@polymer/paper-progress/-/paper-progress-0.0.3.tgz",
      "integrity": "sha1-E9Mb4ZNuyV4jaIe3YTcfvJBZT4g=",
      "requires": {
        "@polymer/iron-flex-layout": "^0.0.3",
        "@polymer/iron-range-behavior": "^0.0.3",
        "@polymer/paper-styles": "^0.0.3",
        "@polymer/polymer": "^1.2.5-npm-test.2"
      }
    },
    "@polymer/paper-radio-button": {
      "version": "0.0.3",
      "resolved": "https://registry.npmjs.org/@polymer/paper-radio-button/-/paper-radio-button-0.0.3.tgz",
      "integrity": "sha1-D4MBQyolxj8dzPxRbSH5LzlANDI=",
      "requires": {
        "@polymer/iron-checked-element-behavior": "^0.0.3",
        "@polymer/paper-behaviors": "^0.0.3",
        "@polymer/paper-ripple": "^0.0.3",
        "@polymer/paper-styles": "^0.0.3",
        "@polymer/polymer": "^1.2.5-npm-test.2"
      }
    },
    "@polymer/paper-radio-group": {
      "version": "0.0.3",
      "resolved": "https://registry.npmjs.org/@polymer/paper-radio-group/-/paper-radio-group-0.0.3.tgz",
      "integrity": "sha1-7jz4h4qm96bK3yRcB75k6evH7lE=",
      "requires": {
        "@polymer/iron-a11y-keys-behavior": "^0.0.3",
        "@polymer/iron-selector": "^0.0.3",
        "@polymer/polymer": "^1.2.5-npm-test.2"
      }
    },
    "@polymer/paper-ripple": {
      "version": "0.0.3",
      "resolved": "https://registry.npmjs.org/@polymer/paper-ripple/-/paper-ripple-0.0.3.tgz",
      "integrity": "sha1-K3IpR6hSglIzlnYGzV/PWQ632Ck=",
      "requires": {
        "@polymer/iron-a11y-keys-behavior": "^0.0.3",
        "@polymer/polymer": "^1.2.5-npm-test.2"
      }
    },
    "@polymer/paper-scroll-header-panel": {
      "version": "0.0.3",
      "resolved": "https://registry.npmjs.org/@polymer/paper-scroll-header-panel/-/paper-scroll-header-panel-0.0.3.tgz",
      "integrity": "sha1-oexldpttXy7FnShhw1UJUoAHnkU=",
      "requires": {
        "@polymer/iron-resizable-behavior": "^0.0.3",
        "@polymer/polymer": "^1.2.5-npm-test.2"
      }
    },
    "@polymer/paper-slider": {
      "version": "0.0.3",
      "resolved": "https://registry.npmjs.org/@polymer/paper-slider/-/paper-slider-0.0.3.tgz",
      "integrity": "sha1-v4ULIjN1tL8QSmB2QoDD+Dw4VRw=",
      "requires": {
        "@polymer/iron-a11y-keys-behavior": "^0.0.3",
        "@polymer/iron-behaviors": "^0.0.3",
        "@polymer/iron-flex-layout": "^0.0.3",
        "@polymer/iron-form-element-behavior": "^0.0.3",
        "@polymer/paper-behaviors": "^0.0.3",
        "@polymer/paper-input": "^0.0.3",
        "@polymer/paper-progress": "^0.0.3",
        "@polymer/paper-styles": "^0.0.3",
        "@polymer/polymer": "^1.2.5-npm-test.2"
      }
    },
    "@polymer/paper-spinner": {
      "version": "0.0.3",
      "resolved": "https://registry.npmjs.org/@polymer/paper-spinner/-/paper-spinner-0.0.3.tgz",
      "integrity": "sha1-ClIMZ8af8mcA9z2xDTN38OW3x/w=",
      "requires": {
        "@polymer/iron-flex-layout": "^0.0.3",
        "@polymer/paper-styles": "^0.0.3",
        "@polymer/polymer": "^1.2.5-npm-test.2"
      }
    },
    "@polymer/paper-styles": {
      "version": "0.0.3",
      "resolved": "https://registry.npmjs.org/@polymer/paper-styles/-/paper-styles-0.0.3.tgz",
      "integrity": "sha1-uEZqBHgH1vxjwk+nG0hsl1zHU3k=",
      "requires": {
        "@polymer/font-roboto": "^0.0.3",
        "@polymer/iron-flex-layout": "^0.0.3",
        "@polymer/polymer": "^1.2.5-npm-test.2"
      }
    },
    "@polymer/paper-tabs": {
      "version": "0.0.3",
      "resolved": "https://registry.npmjs.org/@polymer/paper-tabs/-/paper-tabs-0.0.3.tgz",
      "integrity": "sha1-IYUrLHr58V2q+wqzCwoD0Fzoh70=",
      "requires": {
        "@polymer/iron-behaviors": "^0.0.3",
        "@polymer/iron-flex-layout": "^0.0.3",
        "@polymer/iron-icon": "^0.0.3",
        "@polymer/iron-iconset-svg": "^0.0.3",
        "@polymer/iron-menu-behavior": "^0.0.3",
        "@polymer/iron-resizable-behavior": "^0.0.3",
        "@polymer/paper-behaviors": "^0.0.3",
        "@polymer/paper-icon-button": "^0.0.3",
        "@polymer/paper-styles": "^0.0.3",
        "@polymer/polymer": "^1.2.5-npm-test.2"
      }
    },
    "@polymer/paper-toast": {
      "version": "0.0.3",
      "resolved": "https://registry.npmjs.org/@polymer/paper-toast/-/paper-toast-0.0.3.tgz",
      "integrity": "sha1-iNvLbyjNPc6dTshq58MaXkZmLvg=",
      "requires": {
        "@polymer/iron-a11y-announcer": "^0.0.3",
        "@polymer/iron-overlay-behavior": "^0.0.3",
        "@polymer/polymer": "^1.2.5-npm-test.2"
      }
    },
    "@polymer/paper-toggle-button": {
      "version": "0.0.3",
      "resolved": "https://registry.npmjs.org/@polymer/paper-toggle-button/-/paper-toggle-button-0.0.3.tgz",
      "integrity": "sha1-bvGZBAnC99Mqq6RDdWlbyIFM/uQ=",
      "requires": {
        "@polymer/iron-checked-element-behavior": "^0.0.3",
        "@polymer/paper-behaviors": "^0.0.3",
        "@polymer/paper-ripple": "^0.0.3",
        "@polymer/paper-styles": "^0.0.3",
        "@polymer/polymer": "^1.2.5-npm-test.2"
      }
    },
    "@polymer/paper-toolbar": {
      "version": "0.0.3",
      "resolved": "https://registry.npmjs.org/@polymer/paper-toolbar/-/paper-toolbar-0.0.3.tgz",
      "integrity": "sha1-1if7S0s/Vybz+dEyyhGBwuv2z9U=",
      "requires": {
        "@polymer/iron-flex-layout": "^0.0.3",
        "@polymer/paper-styles": "^0.0.3",
        "@polymer/polymer": "^1.2.5-npm-test.2"
      }
    },
    "@polymer/paper-tooltip": {
      "version": "0.0.3",
      "resolved": "https://registry.npmjs.org/@polymer/paper-tooltip/-/paper-tooltip-0.0.3.tgz",
      "integrity": "sha1-u0z9v0wEIQ52UYe3iOfPbPm12BI=",
      "requires": {
        "@polymer/neon-animation": "^0.0.3",
        "@polymer/paper-styles": "^0.0.3",
        "@polymer/polymer": "^1.2.5-npm-test.2"
      }
    },
    "@polymer/polymer": {
      "version": "1.2.5-npm-test.2",
      "resolved": "https://registry.npmjs.org/@polymer/polymer/-/polymer-1.2.5-npm-test.2.tgz",
      "integrity": "sha1-eTD1ZjwvaGkVRR0hHmY6qZl9czY=",
      "requires": {
        "webcomponents.js": "^0.7.20"
      }
    },
    "@webcomponents/webcomponentsjs": {
      "version": "2.2.10",
      "resolved": "https://registry.npmjs.org/@webcomponents/webcomponentsjs/-/webcomponentsjs-2.2.10.tgz",
      "integrity": "sha512-5dzhUhP+h0qMiK0IWb7VNb0OGBoXO3AuI6Qi8t9PoKT50s5L1jv0xnwnLq+cFgPuTB8FLTNP8xIDmyoOsKBy9Q=="
    },
    "Polymer": {
      "version": "1.6.2",
      "resolved": "https://registry.npmjs.org/Polymer/-/Polymer-1.6.2.tgz",
      "integrity": "sha1-lDgDBczuWEYcfMKRbq6zZRQ5QNE="
    },
    "define-properties": {
      "version": "1.1.3",
      "resolved": "https://registry.npmjs.org/define-properties/-/define-properties-1.1.3.tgz",
      "integrity": "sha512-3MqfYKj2lLzdMSf8ZIZE/V+Zuy+BgD6f164e8K2w7dgnpKArBDerGYpM46IYYcjnkdPNMjPk9A6VFB8+3SKlXQ==",
      "requires": {
        "object-keys": "^1.0.12"
      }
    },
    "es-abstract": {
      "version": "1.13.0",
      "resolved": "https://registry.npmjs.org/es-abstract/-/es-abstract-1.13.0.tgz",
      "integrity": "sha512-vDZfg/ykNxQVwup/8E1BZhVzFfBxs9NqMzGcvIJrqg5k2/5Za2bWo40dK2J1pgLngZ7c+Shh8lwYtLGyrwPutg==",
      "requires": {
        "es-to-primitive": "^1.2.0",
        "function-bind": "^1.1.1",
        "has": "^1.0.3",
        "is-callable": "^1.1.4",
        "is-regex": "^1.0.4",
        "object-keys": "^1.0.12"
      }
    },
    "es-to-primitive": {
      "version": "1.2.0",
      "resolved": "https://registry.npmjs.org/es-to-primitive/-/es-to-primitive-1.2.0.tgz",
      "integrity": "sha512-qZryBOJjV//LaxLTV6UC//WewneB3LcXOL9NP++ozKVXsIIIpm/2c13UDiD9Jp2eThsecw9m3jPqDwTyobcdbg==",
      "requires": {
        "is-callable": "^1.1.4",
        "is-date-object": "^1.0.1",
        "is-symbol": "^1.0.2"
      }
    },
    "formatio": {
      "version": "1.1.1",
      "resolved": "https://registry.npmjs.org/formatio/-/formatio-1.1.1.tgz",
      "integrity": "sha1-XtPM1jZVEJc4NGXZlhmRAOhhYek=",
      "requires": {
        "samsam": "~1.1"
      }
    },
    "function-bind": {
      "version": "1.1.1",
      "resolved": "https://registry.npmjs.org/function-bind/-/function-bind-1.1.1.tgz",
      "integrity": "sha512-yIovAzMX49sF8Yl58fSCWJ5svSLuaibPxXQJFLmBObTuCr0Mf1KiPopGM9NiFjiYBCbfaa2Fh6breQ6ANVTI0A=="
    },
    "has": {
      "version": "1.0.3",
      "resolved": "https://registry.npmjs.org/has/-/has-1.0.3.tgz",
      "integrity": "sha512-f2dvO0VU6Oej7RkWJGrehjbzMAjFp5/VKPp5tTpWIV4JHHZK1/BxbFRtf/siA2SWTe09caDmVtYYzWEIbBS4zw==",
      "requires": {
        "function-bind": "^1.1.1"
      }
    },
    "has-symbols": {
      "version": "1.0.0",
      "resolved": "https://registry.npmjs.org/has-symbols/-/has-symbols-1.0.0.tgz",
      "integrity": "sha1-uhqPGvKg/DllD1yFA2dwQSIGO0Q="
    },
    "inherits": {
      "version": "2.0.3",
      "resolved": "https://registry.npmjs.org/inherits/-/inherits-2.0.3.tgz",
      "integrity": "sha1-Yzwsg+PaQqUC9SRmAiSA9CCCYd4="
    },
    "is-arguments": {
      "version": "1.0.4",
      "resolved": "https://registry.npmjs.org/is-arguments/-/is-arguments-1.0.4.tgz",
      "integrity": "sha512-xPh0Rmt8NE65sNzvyUmWgI1tz3mKq74lGA0mL8LYZcoIzKOzDh6HmrYm3d18k60nHerC8A9Km8kYu87zfSFnLA=="
    },
    "is-callable": {
      "version": "1.1.4",
      "resolved": "https://registry.npmjs.org/is-callable/-/is-callable-1.1.4.tgz",
      "integrity": "sha512-r5p9sxJjYnArLjObpjA4xu5EKI3CuKHkJXMhT7kwbpUyIFD1n5PMAsoPvWnvtZiNz7LjkYDRZhd7FlI0eMijEA=="
    },
    "is-date-object": {
      "version": "1.0.1",
      "resolved": "https://registry.npmjs.org/is-date-object/-/is-date-object-1.0.1.tgz",
      "integrity": "sha1-mqIOtq7rv/d/vTPnTKAbM1gdOhY="
    },
    "is-generator-function": {
      "version": "1.0.7",
      "resolved": "https://registry.npmjs.org/is-generator-function/-/is-generator-function-1.0.7.tgz",
      "integrity": "sha512-YZc5EwyO4f2kWCax7oegfuSr9mFz1ZvieNYBEjmukLxgXfBUbxAWGVF7GZf0zidYtoBl3WvC07YK0wT76a+Rtw=="
    },
    "is-regex": {
      "version": "1.0.4",
      "resolved": "https://registry.npmjs.org/is-regex/-/is-regex-1.0.4.tgz",
      "integrity": "sha1-VRdIm1RwkbCTDglWVM7SXul+lJE=",
      "requires": {
        "has": "^1.0.1"
      }
    },
    "is-symbol": {
      "version": "1.0.2",
      "resolved": "https://registry.npmjs.org/is-symbol/-/is-symbol-1.0.2.tgz",
      "integrity": "sha512-HS8bZ9ox60yCJLH9snBpIwv9pYUAkcuLhSA1oero1UB5y9aiQpRA8y2ex945AOtCZL1lJDeIk3G5LthswI46Lw==",
      "requires": {
        "has-symbols": "^1.0.0"
      }
    },
    "lolex": {
      "version": "1.3.2",
      "resolved": "https://registry.npmjs.org/lolex/-/lolex-1.3.2.tgz",
      "integrity": "sha1-fD2mL/yzDw9agKJWbKJORdigHzE="
    },
    "moment": {
      "version": "1.1.0",
      "resolved": "https://registry.npmjs.org/moment/-/moment-1.1.0.tgz",
      "integrity": "sha1-413G0IO6atPr9EEFaGDVaehA88s="
    },
    "npm-polymer-elements": {
      "version": "0.0.1",
      "resolved": "https://registry.npmjs.org/@polymer/-/npm-polymer-elements-0.0.1.tgz",
      "integrity": "sha1-jLg3MA3piBnHdcCgewqtqKw9C9Y="
    },
    "object-keys": {
      "version": "1.1.1",
      "resolved": "https://registry.npmjs.org/object-keys/-/object-keys-1.1.1.tgz",
      "integrity": "sha512-NuAESUOUMrlIXOfHKzD6bpPu3tYt3xvjNdRIQ+FeT0lNb4K8WR70CaDxhuNguS2XG+GjkyMwOzsN5ZktImfhLA=="
    },
    "object.entries": {
      "version": "1.1.0",
      "resolved": "https://registry.npmjs.org/object.entries/-/object.entries-1.1.0.tgz",
      "integrity": "sha512-l+H6EQ8qzGRxbkHOd5I/aHRhHDKoQXQ8g0BYt4uSweQU1/J6dZUOyWh9a2Vky35YCKjzmgxOzta2hH6kf9HuXA==",
      "requires": {
        "define-properties": "^1.1.3",
        "es-abstract": "^1.12.0",
        "function-bind": "^1.1.1",
        "has": "^1.0.3"
      }
    },
    "safe-buffer": {
      "version": "5.1.2",
      "resolved": "https://registry.npmjs.org/safe-buffer/-/safe-buffer-5.1.2.tgz",
      "integrity": "sha512-Gd2UZBJDkXlY7GbJxfsE8/nvKkUEU1G38c1siN6QP6a9PT9MmHB8GnpscSmMJSoF8LOIrt8ud/wPtojys4G6+g=="
    },
    "samsam": {
      "version": "1.1.2",
      "resolved": "https://registry.npmjs.org/samsam/-/samsam-1.1.2.tgz",
      "integrity": "sha1-vsEf3IOp/aBjQBIQ5AF2wwJNFWc="
    },
    "sinon": {
      "version": "1.17.7",
      "resolved": "https://registry.npmjs.org/sinon/-/sinon-1.17.7.tgz",
      "integrity": "sha1-RUKk9JugxFwF6y6d2dID4rjv4L8=",
      "requires": {
        "formatio": "1.1.1",
        "lolex": "1.3.2",
        "samsam": "1.1.2",
        "util": ">=0.10.3 <1"
      }
    },
    "util": {
      "version": "0.12.0",
      "resolved": "https://registry.npmjs.org/util/-/util-0.12.0.tgz",
      "integrity": "sha512-pPSOFl7VLhZ7LO/SFABPraZEEurkJUWSMn3MuA/r3WQZc+Z1fqou2JqLSOZbCLl73EUIxuUVX8X4jkX2vfJeAA==",
      "requires": {
        "inherits": "2.0.3",
        "is-arguments": "^1.0.4",
        "is-generator-function": "^1.0.7",
        "object.entries": "^1.1.0",
        "safe-buffer": "^5.1.2"
      }
    },
    "web-animations-js": {
      "version": "2.1.3",
      "resolved": "https://registry.npmjs.org/web-animations-js/-/web-animations-js-2.1.3.tgz",
      "integrity": "sha1-+z/FakCi+4BIZjhvzxpBQmXEi0k="
    },
    "webcomponents-lite": {
      "version": "0.6.0",
      "resolved": "https://registry.npmjs.org/webcomponents-lite/-/webcomponents-lite-0.6.0.tgz",
      "integrity": "sha1-1eEMy6WRcR1FwVxkl2v8T49hV8s="
    },
    "webcomponents.js": {
      "version": "0.7.24",
      "resolved": "https://registry.npmjs.org/webcomponents.js/-/webcomponents.js-0.7.24.tgz",
      "integrity": "sha1-IRb7+hRo7EFqe+/aozPh0Rj2nAQ="
    }
  }
}
